
Microsoft Visual Studio Solution File, Format Version 12.00
# Visual Studio Version 16
VisualStudioVersion = 16.0.29613.14
MinimumVisualStudioVersion = 10.0.40219.1
Project("{9A19103F-16F7-4668-BE54-9A1E7A4F7556}") = "USGS_Api", "USGSApi\USGS_Api.csproj", "{A701AF1D-7E17-4B98-AE65-C03AF389FF77}"
EndProject
Project("{9A19103F-16F7-4668-BE54-9A1E7A4F7556}") = "USGSDownloader-Console", "USGSDownloader-Console\USGSDownloader-Console.csproj", "{4F326952-751D-43AA-829B-743A6DFDF3C5}"
EndProject
Global
	GlobalSection(SolutionConfigurationPlatforms) = preSolution
		Debug|Any CPU = Debug|Any CPU
		Release|Any CPU = Release|Any CPU
	EndGlobalSection
	GlobalSection(ProjectConfigurationPlatforms) = postSolution
		{A701AF1D-7E17-4B98-AE65-C03AF389FF77}.Debug|Any CPU.ActiveCfg = Debug|Any CPU
		{A701AF1D-7E17-4B98-AE65-C03AF389FF77}.Debug|Any CPU.Build.0 = Debug|Any CPU
		{A701AF1D-7E17-4B98-AE65-C03AF389FF77}.Release|Any CPU.ActiveCfg = Release|Any CPU
		{A701AF1D-7E17-4B98-AE65-C03AF389FF77}.Release|Any CPU.Build.0 = Release|Any CPU
		{4F326952-751D-43AA-829B-743A6DFDF3C5}.Debug|Any CPU.ActiveCfg = Debug|Any CPU
		{4F326952-751D-43AA-829B-743A6DFDF3C5}.Debug|Any CPU.Build.0 = Debug|Any CPU
		{4F326952-751D-43AA-829B-743A6DFDF3C5}.Release|Any CPU.ActiveCfg = Release|Any CPU
		{4F326952-751D-43AA-829B-743A6DFDF3C5}.Release|Any CPU.Build.0 = Release|Any CPU
	EndGlobalSection
	GlobalSection(SolutionProperties) = preSolution
		HideSolutionNode = FALSE
	EndGlobalSection
	GlobalSection(ExtensibilityGlobals) = postSolution
		SolutionGuid = {01AFADD7-9933-4816-BAAC-F2911BC6A512}
	EndGlobalSection
EndGlobal
